
Microsoft Visual Studio Solution File, Format Version 12.00
# Visual Studio Version 16
VisualStudioVersion = 16.0.30611.23
MinimumVisualStudioVersion = 10.0.40219.1
Project("{FAE04EC0-301F-11D3-BF4B-00C04F79EFBC}") = "UmbracoTest", "UmbracoTest.csproj", "{716A4D7B-9402-4B16-84C1-364B46847B11}"
EndProject
Global
	GlobalSection(SolutionConfigurationPlatforms) = preSolution
		Debug|Any CPU = Debug|Any CPU
		Release|Any CPU = Release|Any CPU
	EndGlobalSection
	GlobalSection(ProjectConfigurationPlatforms) = postSolution
		{716A4D7B-9402-4B16-84C1-364B46847B11}.Debug|Any CPU.ActiveCfg = Debug|Any CPU
		{716A4D7B-9402-4B16-84C1-364B46847B11}.Debug|Any CPU.Build.0 = Debug|Any CPU
		{716A4D7B-9402-4B16-84C1-364B46847B11}.Release|Any CPU.ActiveCfg = Release|Any CPU
		{716A4D7B-9402-4B16-84C1-364B46847B11}.Release|Any CPU.Build.0 = Release|Any CPU
	EndGlobalSection
	GlobalSection(SolutionProperties) = preSolution
		HideSolutionNode = FALSE
	EndGlobalSection
	GlobalSection(ExtensibilityGlobals) = postSolution
		SolutionGuid = {412548BE-7F89-44E6-82BC-06B17C4E2B01}
	EndGlobalSection
EndGlobal
